{
  "nodes": {
    "nixpkgs": {
      "locked": {
        "lastModified": 1755208203,
        "narHash": "sha256-B+oXXmNRTOajmEpzYJDrpZmYRFIBWA/fKCgY5CXCc5M=",
        "owner": "nixos",
        "repo": "nixpkgs",
        "rev": "3634657dc244b3e4868a9b37b7243ea33aa786ec",
        "type": "github"
      },
      "original": {
        "owner": "nixos",
        "ref": "release-25.05",
        "repo": "nixpkgs",
        "type": "github"
      }
    },
    "root": {
      "inputs": {
        "nixpkgs": "nixpkgs"
      }
    }
  },
  "root": "root",
  "version": 7
}
